// !$*UTF8*$!
{
	archiveVersion = 1;
	classes = {
	};
	objectVersion = 55;
	objects = {

/* Begin PBXBuildFile section */
		5416C92027C89E3D00C4F070 /* BirthdaysApp.swift in Sources */ = {isa = PBXBuildFile; fileRef = 5416C91F27C89E3D00C4F070 /* BirthdaysApp.swift */; };
		5416C92427C89E3F00C4F070 /* Images.xcassets in Resources */ = {isa = PBXBuildFile; fileRef = 5416C92327C89E3F00C4F070 /* Images.xcassets */; };
		5416C92727C89E3F00C4F070 /* Preview Assets.xcassets in Resources */ = {isa = PBXBuildFile; fileRef = 5416C92627C89E3F00C4F070 /* Preview Assets.xcassets */; };
		5416C93127C89E3F00C4F070 /* BirthdaysTests.swift in Sources */ = {isa = PBXBuildFile; fileRef = 5416C93027C89E3F00C4F070 /* BirthdaysTests.swift */; };
		5416C93B27C89E3F00C4F070 /* BirthdaysUITests.swift in Sources */ = {isa = PBXBuildFile; fileRef = 5416C93A27C89E3F00C4F070 /* BirthdaysUITests.swift */; };
		5416C93D27C89E3F00C4F070 /* BirthdaysUITestsLaunchTests.swift in Sources */ = {isa = PBXBuildFile; fileRef = 5416C93C27C89E3F00C4F070 /* BirthdaysUITestsLaunchTests.swift */; };
		5416C94E27C89FA900C4F070 /* Colors.xcassets in Resources */ = {isa = PBXBuildFile; fileRef = 5416C94D27C89FA900C4F070 /* Colors.xcassets */; };
		5416C95027C89FFF00C4F070 /* Localizable.strings in Resources */ = {isa = PBXBuildFile; fileRef = 5416C94F27C89FFF00C4F070 /* Localizable.strings */; };
		5416C95227C8A00E00C4F070 /* Localizable.stringsdict in Resources */ = {isa = PBXBuildFile; fileRef = 5416C95127C8A00E00C4F070 /* Localizable.stringsdict */; };
		5416C95427C8A04B00C4F070 /* GlobalUtils.swift in Sources */ = {isa = PBXBuildFile; fileRef = 5416C95327C8A04B00C4F070 /* GlobalUtils.swift */; };
		5416C95627C8A05E00C4F070 /* GlobalConstants.swift in Sources */ = {isa = PBXBuildFile; fileRef = 5416C95527C8A05E00C4F070 /* GlobalConstants.swift */; };
		5416C95C27C8A10A00C4F070 /* Roboto-Black.ttf in Resources */ = {isa = PBXBuildFile; fileRef = 5416C95827C8A10A00C4F070 /* Roboto-Black.ttf */; };
		5416C95D27C8A10A00C4F070 /* LICENSE.txt in Resources */ = {isa = PBXBuildFile; fileRef = 5416C95927C8A10A00C4F070 /* LICENSE.txt */; };
		5416C95E27C8A10A00C4F070 /* Roboto-Regular.ttf in Resources */ = {isa = PBXBuildFile; fileRef = 5416C95A27C8A10A00C4F070 /* Roboto-Regular.ttf */; };
		5416C95F27C8A10A00C4F070 /* Roboto-Bold.ttf in Resources */ = {isa = PBXBuildFile; fileRef = 5416C95B27C8A10A00C4F070 /* Roboto-Bold.ttf */; };
		5416C96227C8A1EF00C4F070 /* ListScreen.swift in Sources */ = {isa = PBXBuildFile; fileRef = 5416C96127C8A1EF00C4F070 /* ListScreen.swift */; };
		5416C96427C8A20300C4F070 /* ProfileScreen.swift in Sources */ = {isa = PBXBuildFile; fileRef = 5416C96327C8A20300C4F070 /* ProfileScreen.swift */; };
		5416C96627C8A21E00C4F070 /* ListViewModel.swift in Sources */ = {isa = PBXBuildFile; fileRef = 5416C96527C8A21E00C4F070 /* ListViewModel.swift */; };
		5416C96827C8A23600C4F070 /* ProfileViewModel.swift in Sources */ = {isa = PBXBuildFile; fileRef = 5416C96727C8A23600C4F070 /* ProfileViewModel.swift */; };
		5416C96B27C8A5E600C4F070 /* ProfileListModel.swift in Sources */ = {isa = PBXBuildFile; fileRef = 5416C96A27C8A5E600C4F070 /* ProfileListModel.swift */; };
		5416C96D27C8A67100C4F070 /* ProfileListInfoModel.swift in Sources */ = {isa = PBXBuildFile; fileRef = 5416C96C27C8A67100C4F070 /* ProfileListInfoModel.swift */; };
		5416C96F27C8A76600C4F070 /* ProfileListResultsModel.swift in Sources */ = {isa = PBXBuildFile; fileRef = 5416C96E27C8A76600C4F070 /* ProfileListResultsModel.swift */; };
		5416C97127C8A7A600C4F070 /* ProfileListResultsNameModel.swift in Sources */ = {isa = PBXBuildFile; fileRef = 5416C97027C8A7A600C4F070 /* ProfileListResultsNameModel.swift */; };
		5416C97327C8A7BB00C4F070 /* ProfileListResultsDobModel.swift in Sources */ = {isa = PBXBuildFile; fileRef = 5416C97227C8A7BB00C4F070 /* ProfileListResultsDobModel.swift */; };
		5416C97527C8A8DC00C4F070 /* NetworkManager.swift in Sources */ = {isa = PBXBuildFile; fileRef = 5416C97427C8A8DC00C4F070 /* NetworkManager.swift */; };
		5416C97827C8B2DB00C4F070 /* ProfileCellView.swift in Sources */ = {isa = PBXBuildFile; fileRef = 5416C97727C8B2DB00C4F070 /* ProfileCellView.swift */; };
		5416C97A27C8B5FD00C4F070 /* ListViewModel+API.swift in Sources */ = {isa = PBXBuildFile; fileRef = 5416C97927C8B5FD00C4F070 /* ListViewModel+API.swift */; };
/* End PBXBuildFile section */

/* Begin PBXContainerItemProxy section */
		5416C92D27C89E3F00C4F070 /* PBXContainerItemProxy */ = {
			isa = PBXContainerItemProxy;
			containerPortal = 5416C91427C89E3D00C4F070 /* Project object */;
			proxyType = 1;
			remoteGlobalIDString = 5416C91B27C89E3D00C4F070;
			remoteInfo = Birthdays;
		};
		5416C93727C89E3F00C4F070 /* PBXContainerItemProxy */ = {
			isa = PBXContainerItemProxy;
			containerPortal = 5416C91427C89E3D00C4F070 /* Project object */;
			proxyType = 1;
			remoteGlobalIDString = 5416C91B27C89E3D00C4F070;
			remoteInfo = Birthdays;
		};
/* End PBXContainerItemProxy section */

/* Begin PBXFileReference section */
		5416C91C27C89E3D00C4F070 /* Birthdays.app */ = {isa = PBXFileReference; explicitFileType = wrapper.application; includeInIndex = 0; path = Birthdays.app; sourceTree = BUILT_PRODUCTS_DIR; };
		5416C91F27C89E3D00C4F070 /* BirthdaysApp.swift */ = {isa = PBXFileReference; lastKnownFileType = sourcecode.swift; path = BirthdaysApp.swift; sourceTree = "<group>"; };
		5416C92327C89E3F00C4F070 /* Images.xcassets */ = {isa = PBXFileReference; lastKnownFileType = folder.assetcatalog; path = Images.xcassets; sourceTree = "<group>"; };
		5416C92627C89E3F00C4F070 /* Preview Assets.xcassets */ = {isa = PBXFileReference; lastKnownFileType = folder.assetcatalog; path = "Preview Assets.xcassets"; sourceTree = "<group>"; };
		5416C92C27C89E3F00C4F070 /* BirthdaysTests.xctest */ = {isa = PBXFileReference; explicitFileType = wrapper.cfbundle; includeInIndex = 0; path = BirthdaysTests.xctest; sourceTree = BUILT_PRODUCTS_DIR; };
		5416C93027C89E3F00C4F070 /* BirthdaysTests.swift */ = {isa = PBXFileReference; lastKnownFileType = sourcecode.swift; path = BirthdaysTests.swift; sourceTree = "<group>"; };
		5416C93627C89E3F00C4F070 /* BirthdaysUITests.xctest */ = {isa = PBXFileReference; explicitFileType = wrapper.cfbundle; includeInIndex = 0; path = BirthdaysUITests.xctest; sourceTree = BUILT_PRODUCTS_DIR; };
		5416C93A27C89E3F00C4F070 /* BirthdaysUITests.swift */ = {isa = PBXFileReference; lastKnownFileType = sourcecode.swift; path = BirthdaysUITests.swift; sourceTree = "<group>"; };
		5416C93C27C89E3F00C4F070 /* BirthdaysUITestsLaunchTests.swift */ = {isa = PBXFileReference; lastKnownFileType = sourcecode.swift; path = BirthdaysUITestsLaunchTests.swift; sourceTree = "<group>"; };
		5416C94D27C89FA900C4F070 /* Colors.xcassets */ = {isa = PBXFileReference; lastKnownFileType = folder.assetcatalog; path = Colors.xcassets; sourceTree = "<group>"; };
		5416C94F27C89FFF00C4F070 /* Localizable.strings */ = {isa = PBXFileReference; lastKnownFileType = text.plist.strings; path = Localizable.strings; sourceTree = "<group>"; };
		5416C95127C8A00E00C4F070 /* Localizable.stringsdict */ = {isa = PBXFileReference; lastKnownFileType = text.plist.stringsdict; path = Localizable.stringsdict; sourceTree = "<group>"; };
		5416C95327C8A04B00C4F070 /* GlobalUtils.swift */ = {isa = PBXFileReference; lastKnownFileType = sourcecode.swift; path = GlobalUtils.swift; sourceTree = "<group>"; };
		5416C95527C8A05E00C4F070 /* GlobalConstants.swift */ = {isa = PBXFileReference; lastKnownFileType = sourcecode.swift; path = GlobalConstants.swift; sourceTree = "<group>"; };
		5416C95827C8A10A00C4F070 /* Roboto-Black.ttf */ = {isa = PBXFileReference; lastKnownFileType = file; path = "Roboto-Black.ttf"; sourceTree = "<group>"; };
		5416C95927C8A10A00C4F070 /* LICENSE.txt */ = {isa = PBXFileReference; fileEncoding = 4; lastKnownFileType = text; path = LICENSE.txt; sourceTree = "<group>"; };
		5416C95A27C8A10A00C4F070 /* Roboto-Regular.ttf */ = {isa = PBXFileReference; lastKnownFileType = file; path = "Roboto-Regular.ttf"; sourceTree = "<group>"; };
		5416C95B27C8A10A00C4F070 /* Roboto-Bold.ttf */ = {isa = PBXFileReference; lastKnownFileType = file; path = "Roboto-Bold.ttf"; sourceTree = "<group>"; };
		5416C96027C8A13C00C4F070 /* Info.plist */ = {isa = PBXFileReference; lastKnownFileType = text.plist.xml; path = Info.plist; sourceTree = "<group>"; };
		5416C96127C8A1EF00C4F070 /* ListScreen.swift */ = {isa = PBXFileReference; lastKnownFileType = sourcecode.swift; path = ListScreen.swift; sourceTree = "<group>"; };
		5416C96327C8A20300C4F070 /* ProfileScreen.swift */ = {isa = PBXFileReference; lastKnownFileType = sourcecode.swift; path = ProfileScreen.swift; sourceTree = "<group>"; };
		5416C96527C8A21E00C4F070 /* ListViewModel.swift */ = {isa = PBXFileReference; lastKnownFileType = sourcecode.swift; path = ListViewModel.swift; sourceTree = "<group>"; };
		5416C96727C8A23600C4F070 /* ProfileViewModel.swift */ = {isa = PBXFileReference; lastKnownFileType = sourcecode.swift; path = ProfileViewModel.swift; sourceTree = "<group>"; };
		5416C96A27C8A5E600C4F070 /* ProfileListModel.swift */ = {isa = PBXFileReference; lastKnownFileType = sourcecode.swift; path = ProfileListModel.swift; sourceTree = "<group>"; };
		5416C96C27C8A67100C4F070 /* ProfileListInfoModel.swift */ = {isa = PBXFileReference; lastKnownFileType = sourcecode.swift; path = ProfileListInfoModel.swift; sourceTree = "<group>"; };
		5416C96E27C8A76600C4F070 /* ProfileListResultsModel.swift */ = {isa = PBXFileReference; lastKnownFileType = sourcecode.swift; path = ProfileListResultsModel.swift; sourceTree = "<group>"; };
		5416C97027C8A7A600C4F070 /* ProfileListResultsNameModel.swift */ = {isa = PBXFileReference; lastKnownFileType = sourcecode.swift; path = ProfileListResultsNameModel.swift; sourceTree = "<group>"; };
		5416C97227C8A7BB00C4F070 /* ProfileListResultsDobModel.swift */ = {isa = PBXFileReference; lastKnownFileType = sourcecode.swift; path = ProfileListResultsDobModel.swift; sourceTree = "<group>"; };
		5416C97427C8A8DC00C4F070 /* NetworkManager.swift */ = {isa = PBXFileReference; lastKnownFileType = sourcecode.swift; path = NetworkManager.swift; sourceTree = "<group>"; };
		5416C97727C8B2DB00C4F070 /* ProfileCellView.swift */ = {isa = PBXFileReference; lastKnownFileType = sourcecode.swift; path = ProfileCellView.swift; sourceTree = "<group>"; };
		5416C97927C8B5FD00C4F070 /* ListViewModel+API.swift */ = {isa = PBXFileReference; lastKnownFileType = sourcecode.swift; path = "ListViewModel+API.swift"; sourceTree = "<group>"; };
/* End PBXFileReference section */

/* Begin PBXFrameworksBuildPhase section */
		5416C91927C89E3D00C4F070 /* Frameworks */ = {
			isa = PBXFrameworksBuildPhase;
			buildActionMask = 2147483647;
			files = (
			);
			runOnlyForDeploymentPostprocessing = 0;
		};
		5416C92927C89E3F00C4F070 /* Frameworks */ = {
			isa = PBXFrameworksBuildPhase;
			buildActionMask = 2147483647;
			files = (
			);
			runOnlyForDeploymentPostprocessing = 0;
		};
		5416C93327C89E3F00C4F070 /* Frameworks */ = {
			isa = PBXFrameworksBuildPhase;
			buildActionMask = 2147483647;
			files = (
			);
			runOnlyForDeploymentPostprocessing = 0;
		};
/* End PBXFrameworksBuildPhase section */

/* Begin PBXGroup section */
		5416C91327C89E3D00C4F070 = {
			isa = PBXGroup;
			children = (
				5416C91E27C89E3D00C4F070 /* Birthdays */,
				5416C92F27C89E3F00C4F070 /* BirthdaysTests */,
				5416C93927C89E3F00C4F070 /* BirthdaysUITests */,
				5416C91D27C89E3D00C4F070 /* Products */,
			);
			sourceTree = "<group>";
		};
		5416C91D27C89E3D00C4F070 /* Products */ = {
			isa = PBXGroup;
			children = (
				5416C91C27C89E3D00C4F070 /* Birthdays.app */,
				5416C92C27C89E3F00C4F070 /* BirthdaysTests.xctest */,
				5416C93627C89E3F00C4F070 /* BirthdaysUITests.xctest */,
			);
			name = Products;
			sourceTree = "<group>";
		};
		5416C91E27C89E3D00C4F070 /* Birthdays */ = {
			isa = PBXGroup;
			children = (
				5416C91F27C89E3D00C4F070 /* BirthdaysApp.swift */,
				5416C94C27C89F5000C4F070 /* Global */,
				5416C94A27C89F2000C4F070 /* Services */,
				5416C94927C89F0D00C4F070 /* ListScreen */,
				5416C97627C8B29600C4F070 /* ProfileScreen */,
				5416C94B27C89F2F00C4F070 /* MyResources */,
				5416C92527C89E3F00C4F070 /* Preview Content */,
			);
			path = Birthdays;
			sourceTree = "<group>";
		};
		5416C92527C89E3F00C4F070 /* Preview Content */ = {
			isa = PBXGroup;
			children = (
				5416C92627C89E3F00C4F070 /* Preview Assets.xcassets */,
			);
			path = "Preview Content";
			sourceTree = "<group>";
		};
		5416C92F27C89E3F00C4F070 /* BirthdaysTests */ = {
			isa = PBXGroup;
			children = (
				5416C93027C89E3F00C4F070 /* BirthdaysTests.swift */,
			);
			path = BirthdaysTests;
			sourceTree = "<group>";
		};
		5416C93927C89E3F00C4F070 /* BirthdaysUITests */ = {
			isa = PBXGroup;
			children = (
				5416C93A27C89E3F00C4F070 /* BirthdaysUITests.swift */,
				5416C93C27C89E3F00C4F070 /* BirthdaysUITestsLaunchTests.swift */,
			);
			path = BirthdaysUITests;
			sourceTree = "<group>";
		};
		5416C94927C89F0D00C4F070 /* ListScreen */ = {
			isa = PBXGroup;
			children = (
				5416C96127C8A1EF00C4F070 /* ListScreen.swift */,
				5416C96527C8A21E00C4F070 /* ListViewModel.swift */,
				5416C97927C8B5FD00C4F070 /* ListViewModel+API.swift */,
				5416C97727C8B2DB00C4F070 /* ProfileCellView.swift */,
			);
			path = ListScreen;
			sourceTree = "<group>";
		};
		5416C94A27C89F2000C4F070 /* Services */ = {
			isa = PBXGroup;
			children = (
				5416C96927C8A56500C4F070 /* Models */,
				5416C97427C8A8DC00C4F070 /* NetworkManager.swift */,
			);
			path = Services;
			sourceTree = "<group>";
		};
		5416C94B27C89F2F00C4F070 /* MyResources */ = {
			isa = PBXGroup;
			children = (
				5416C95727C8A0BE00C4F070 /* Fonts */,
				5416C96027C8A13C00C4F070 /* Info.plist */,
				5416C92327C89E3F00C4F070 /* Images.xcassets */,
				5416C94D27C89FA900C4F070 /* Colors.xcassets */,
				5416C94F27C89FFF00C4F070 /* Localizable.strings */,
				5416C95127C8A00E00C4F070 /* Localizable.stringsdict */,
			);
			path = MyResources;
			sourceTree = "<group>";
		};
		5416C94C27C89F5000C4F070 /* Global */ = {
			isa = PBXGroup;
			children = (
				5416C95327C8A04B00C4F070 /* GlobalUtils.swift */,
				5416C95527C8A05E00C4F070 /* GlobalConstants.swift */,
			);
			path = Global;
			sourceTree = "<group>";
		};
		5416C95727C8A0BE00C4F070 /* Fonts */ = {
			isa = PBXGroup;
			children = (
				5416C95927C8A10A00C4F070 /* LICENSE.txt */,
				5416C95827C8A10A00C4F070 /* Roboto-Black.ttf */,
				5416C95B27C8A10A00C4F070 /* Roboto-Bold.ttf */,
				5416C95A27C8A10A00C4F070 /* Roboto-Regular.ttf */,
			);
			path = Fonts;
			sourceTree = "<group>";
		};
		5416C96927C8A56500C4F070 /* Models */ = {
			isa = PBXGroup;
			children = (
				5416C96A27C8A5E600C4F070 /* ProfileListModel.swift */,
				5416C96E27C8A76600C4F070 /* ProfileListResultsModel.swift */,
				5416C97027C8A7A600C4F070 /* ProfileListResultsNameModel.swift */,
				5416C97227C8A7BB00C4F070 /* ProfileListResultsDobModel.swift */,
				5416C96C27C8A67100C4F070 /* ProfileListInfoModel.swift */,
			);
			path = Models;
			sourceTree = "<group>";
		};
		5416C97627C8B29600C4F070 /* ProfileScreen */ = {
			isa = PBXGroup;
			children = (
				5416C96327C8A20300C4F070 /* ProfileScreen.swift */,
				5416C96727C8A23600C4F070 /* ProfileViewModel.swift */,
			);
			path = ProfileScreen;
			sourceTree = "<group>";
		};
/* End PBXGroup section */

/* Begin PBXNativeTarget section */
		5416C91B27C89E3D00C4F070 /* Birthdays */ = {
			isa = PBXNativeTarget;
			buildConfigurationList = 5416C94027C89E3F00C4F070 /* Build configuration list for PBXNativeTarget "Birthdays" */;
			buildPhases = (
				5416C91827C89E3D00C4F070 /* Sources */,
				5416C91927C89E3D00C4F070 /* Frameworks */,
				5416C91A27C89E3D00C4F070 /* Resources */,
			);
			buildRules = (
			);
			dependencies = (
			);
			name = Birthdays;
			productName = Birthdays;
			productReference = 5416C91C27C89E3D00C4F070 /* Birthdays.app */;
			productType = "com.apple.product-type.application";
		};
		5416C92B27C89E3F00C4F070 /* BirthdaysTests */ = {
			isa = PBXNativeTarget;
			buildConfigurationList = 5416C94327C89E3F00C4F070 /* Build configuration list for PBXNativeTarget "BirthdaysTests" */;
			buildPhases = (
				5416C92827C89E3F00C4F070 /* Sources */,
				5416C92927C89E3F00C4F070 /* Frameworks */,
				5416C92A27C89E3F00C4F070 /* Resources */,
			);
			buildRules = (
			);
			dependencies = (
				5416C92E27C89E3F00C4F070 /* PBXTargetDependency */,
			);
			name = BirthdaysTests;
			productName = BirthdaysTests;
			productReference = 5416C92C27C89E3F00C4F070 /* BirthdaysTests.xctest */;
			productType = "com.apple.product-type.bundle.unit-test";
		};
		5416C93527C89E3F00C4F070 /* BirthdaysUITests */ = {
			isa = PBXNativeTarget;
			buildConfigurationList = 5416C94627C89E3F00C4F070 /* Build configuration list for PBXNativeTarget "BirthdaysUITests" */;
			buildPhases = (
				5416C93227C89E3F00C4F070 /* Sources */,
				5416C93327C89E3F00C4F070 /* Frameworks */,
				5416C93427C89E3F00C4F070 /* Resources */,
			);
			buildRules = (
			);
			dependencies = (
				5416C93827C89E3F00C4F070 /* PBXTargetDependency */,
			);
			name = BirthdaysUITests;
			productName = BirthdaysUITests;
			productReference = 5416C93627C89E3F00C4F070 /* BirthdaysUITests.xctest */;
			productType = "com.apple.product-type.bundle.ui-testing";
		};
/* End PBXNativeTarget section */

/* Begin PBXProject section */
		5416C91427C89E3D00C4F070 /* Project object */ = {
			isa = PBXProject;
			attributes = {
				BuildIndependentTargetsInParallel = 1;
				LastSwiftUpdateCheck = 1320;
				LastUpgradeCheck = 1320;
				TargetAttributes = {
					5416C91B27C89E3D00C4F070 = {
						CreatedOnToolsVersion = 13.2.1;
					};
					5416C92B27C89E3F00C4F070 = {
						CreatedOnToolsVersion = 13.2.1;
						TestTargetID = 5416C91B27C89E3D00C4F070;
					};
					5416C93527C89E3F00C4F070 = {
						CreatedOnToolsVersion = 13.2.1;
						TestTargetID = 5416C91B27C89E3D00C4F070;
					};
				};
			};
			buildConfigurationList = 5416C91727C89E3D00C4F070 /* Build configuration list for PBXProject "Birthdays" */;
			compatibilityVersion = "Xcode 13.0";
			developmentRegion = en;
			hasScannedForEncodings = 0;
			knownRegions = (
				en,
				Base,
			);
			mainGroup = 5416C91327C89E3D00C4F070;
			productRefGroup = 5416C91D27C89E3D00C4F070 /* Products */;
			projectDirPath = "";
			projectRoot = "";
			targets = (
				5416C91B27C89E3D00C4F070 /* Birthdays */,
				5416C92B27C89E3F00C4F070 /* BirthdaysTests */,
				5416C93527C89E3F00C4F070 /* BirthdaysUITests */,
			);
		};
/* End PBXProject section */

/* Begin PBXResourcesBuildPhase section */
		5416C91A27C89E3D00C4F070 /* Resources */ = {
			isa = PBXResourcesBuildPhase;
			buildActionMask = 2147483647;
			files = (
				5416C94E27C89FA900C4F070 /* Colors.xcassets in Resources */,
				5416C95027C89FFF00C4F070 /* Localizable.strings in Resources */,
				5416C95E27C8A10A00C4F070 /* Roboto-Regular.ttf in Resources */,
				5416C92727C89E3F00C4F070 /* Preview Assets.xcassets in Resources */,
				5416C95227C8A00E00C4F070 /* Localizable.stringsdict in Resources */,
				5416C95F27C8A10A00C4F070 /* Roboto-Bold.ttf in Resources */,
				5416C92427C89E3F00C4F070 /* Images.xcassets in Resources */,
				5416C95C27C8A10A00C4F070 /* Roboto-Black.ttf in Resources */,
				5416C95D27C8A10A00C4F070 /* LICENSE.txt in Resources */,
			);
			runOnlyForDeploymentPostprocessing = 0;
		};
		5416C92A27C89E3F00C4F070 /* Resources */ = {
			isa = PBXResourcesBuildPhase;
			buildActionMask = 2147483647;
			files = (
			);
			runOnlyForDeploymentPostprocessing = 0;
		};
		5416C93427C89E3F00C4F070 /* Resources */ = {
			isa = PBXResourcesBuildPhase;
			buildActionMask = 2147483647;
			files = (
			);
			runOnlyForDeploymentPostprocessing = 0;
		};
/* End PBXResourcesBuildPhase section */

/* Begin PBXSourcesBuildPhase section */
		5416C91827C89E3D00C4F070 /* Sources */ = {
			isa = PBXSourcesBuildPhase;
			buildActionMask = 2147483647;
			files = (
				5416C96227C8A1EF00C4F070 /* ListScreen.swift in Sources */,
				5416C96427C8A20300C4F070 /* ProfileScreen.swift in Sources */,
				5416C96627C8A21E00C4F070 /* ListViewModel.swift in Sources */,
				5416C97527C8A8DC00C4F070 /* NetworkManager.swift in Sources */,
				5416C95427C8A04B00C4F070 /* GlobalUtils.swift in Sources */,
				5416C97A27C8B5FD00C4F070 /* ListViewModel+API.swift in Sources */,
				5416C96B27C8A5E600C4F070 /* ProfileListModel.swift in Sources */,
				5416C95627C8A05E00C4F070 /* GlobalConstants.swift in Sources */,
				5416C96827C8A23600C4F070 /* ProfileViewModel.swift in Sources */,
				5416C92027C89E3D00C4F070 /* BirthdaysApp.swift in Sources */,
				5416C97327C8A7BB00C4F070 /* ProfileListResultsDobModel.swift in Sources */,
				5416C97127C8A7A600C4F070 /* ProfileListResultsNameModel.swift in Sources */,
				5416C96F27C8A76600C4F070 /* ProfileListResultsModel.swift in Sources */,
				5416C97827C8B2DB00C4F070 /* ProfileCellView.swift in Sources */,
				5416C96D27C8A67100C4F070 /* ProfileListInfoModel.swift in Sources */,
			);
			runOnlyForDeploymentPostprocessing = 0;
		};
		5416C92827C89E3F00C4F070 /* Sources */ = {
			isa = PBXSourcesBuildPhase;
			buildActionMask = 2147483647;
			files = (
				5416C93127C89E3F00C4F070 /* BirthdaysTests.swift in Sources */,
			);
			runOnlyForDeploymentPostprocessing = 0;
		};
		5416C93227C89E3F00C4F070 /* Sources */ = {
			isa = PBXSourcesBuildPhase;
			buildActionMask = 2147483647;
			files = (
				5416C93B27C89E3F00C4F070 /* BirthdaysUITests.swift in Sources */,
				5416C93D27C89E3F00C4F070 /* BirthdaysUITestsLaunchTests.swift in Sources */,
			);
			runOnlyForDeploymentPostprocessing = 0;
		};
/* End PBXSourcesBuildPhase section */

/* Begin PBXTargetDependency section */
		5416C92E27C89E3F00C4F070 /* PBXTargetDependency */ = {
			isa = PBXTargetDependency;
			target = 5416C91B27C89E3D00C4F070 /* Birthdays */;
			targetProxy = 5416C92D27C89E3F00C4F070 /* PBXContainerItemProxy */;
		};
		5416C93827C89E3F00C4F070 /* PBXTargetDependency */ = {
			isa = PBXTargetDependency;
			target = 5416C91B27C89E3D00C4F070 /* Birthdays */;
			targetProxy = 5416C93727C89E3F00C4F070 /* PBXContainerItemProxy */;
		};
/* End PBXTargetDependency section */

/* Begin XCBuildConfiguration section */
		5416C93E27C89E3F00C4F070 /* Debug */ = {
			isa = XCBuildConfiguration;
			buildSettings = {
				ALWAYS_SEARCH_USER_PATHS = NO;
				CLANG_ANALYZER_NONNULL = YES;
				CLANG_ANALYZER_NUMBER_OBJECT_CONVERSION = YES_AGGRESSIVE;
				CLANG_CXX_LANGUAGE_STANDARD = "gnu++17";
				CLANG_CXX_LIBRARY = "libc++";
				CLANG_ENABLE_MODULES = YES;
				CLANG_ENABLE_OBJC_ARC = YES;
				CLANG_ENABLE_OBJC_WEAK = YES;
				CLANG_WARN_BLOCK_CAPTURE_AUTORELEASING = YES;
				CLANG_WARN_BOOL_CONVERSION = YES;
				CLANG_WARN_COMMA = YES;
				CLANG_WARN_CONSTANT_CONVERSION = YES;
				CLANG_WARN_DEPRECATED_OBJC_IMPLEMENTATIONS = YES;
				CLANG_WARN_DIRECT_OBJC_ISA_USAGE = YES_ERROR;
				CLANG_WARN_DOCUMENTATION_COMMENTS = YES;
				CLANG_WARN_EMPTY_BODY = YES;
				CLANG_WARN_ENUM_CONVERSION = YES;
				CLANG_WARN_INFINITE_RECURSION = YES;
				CLANG_WARN_INT_CONVERSION = YES;
				CLANG_WARN_NON_LITERAL_NULL_CONVERSION = YES;
				CLANG_WARN_OBJC_IMPLICIT_RETAIN_SELF = YES;
				CLANG_WARN_OBJC_LITERAL_CONVERSION = YES;
				CLANG_WARN_OBJC_ROOT_CLASS = YES_ERROR;
				CLANG_WARN_QUOTED_INCLUDE_IN_FRAMEWORK_HEADER = YES;
				CLANG_WARN_RANGE_LOOP_ANALYSIS = YES;
				CLANG_WARN_STRICT_PROTOTYPES = YES;
				CLANG_WARN_SUSPICIOUS_MOVE = YES;
				CLANG_WARN_UNGUARDED_AVAILABILITY = YES_AGGRESSIVE;
				CLANG_WARN_UNREACHABLE_CODE = YES;
				CLANG_WARN__DUPLICATE_METHOD_MATCH = YES;
				COPY_PHASE_STRIP = NO;
				DEBUG_INFORMATION_FORMAT = dwarf;
				ENABLE_STRICT_OBJC_MSGSEND = YES;
				ENABLE_TESTABILITY = YES;
				GCC_C_LANGUAGE_STANDARD = gnu11;
				GCC_DYNAMIC_NO_PIC = NO;
				GCC_NO_COMMON_BLOCKS = YES;
				GCC_OPTIMIZATION_LEVEL = 0;
				GCC_PREPROCESSOR_DEFINITIONS = (
					"DEBUG=1",
					"$(inherited)",
				);
				GCC_WARN_64_TO_32_BIT_CONVERSION = YES;
				GCC_WARN_ABOUT_RETURN_TYPE = YES_ERROR;
				GCC_WARN_UNDECLARED_SELECTOR = YES;
				GCC_WARN_UNINITIALIZED_AUTOS = YES_AGGRESSIVE;
				GCC_WARN_UNUSED_FUNCTION = YES;
				GCC_WARN_UNUSED_VARIABLE = YES;
				IPHONEOS_DEPLOYMENT_TARGET = 15.2;
				MTL_ENABLE_DEBUG_INFO = INCLUDE_SOURCE;
				MTL_FAST_MATH = YES;
				ONLY_ACTIVE_ARCH = YES;
				SDKROOT = iphoneos;
				SWIFT_ACTIVE_COMPILATION_CONDITIONS = DEBUG;
				SWIFT_OPTIMIZATION_LEVEL = "-Onone";
			};
			name = Debug;
		};
		5416C93F27C89E3F00C4F070 /* Release */ = {
			isa = XCBuildConfiguration;
			buildSettings = {
				ALWAYS_SEARCH_USER_PATHS = NO;
				CLANG_ANALYZER_NONNULL = YES;
				CLANG_ANALYZER_NUMBER_OBJECT_CONVERSION = YES_AGGRESSIVE;
				CLANG_CXX_LANGUAGE_STANDARD = "gnu++17";
				CLANG_CXX_LIBRARY = "libc++";
				CLANG_ENABLE_MODULES = YES;
				CLANG_ENABLE_OBJC_ARC = YES;
				CLANG_ENABLE_OBJC_WEAK = YES;
				CLANG_WARN_BLOCK_CAPTURE_AUTORELEASING = YES;
				CLANG_WARN_BOOL_CONVERSION = YES;
				CLANG_WARN_COMMA = YES;
				CLANG_WARN_CONSTANT_CONVERSION = YES;
				CLANG_WARN_DEPRECATED_OBJC_IMPLEMENTATIONS = YES;
				CLANG_WARN_DIRECT_OBJC_ISA_USAGE = YES_ERROR;
				CLANG_WARN_DOCUMENTATION_COMMENTS = YES;
				CLANG_WARN_EMPTY_BODY = YES;
				CLANG_WARN_ENUM_CONVERSION = YES;
				CLANG_WARN_INFINITE_RECURSION = YES;
				CLANG_WARN_INT_CONVERSION = YES;
				CLANG_WARN_NON_LITERAL_NULL_CONVERSION = YES;
				CLANG_WARN_OBJC_IMPLICIT_RETAIN_SELF = YES;
				CLANG_WARN_OBJC_LITERAL_CONVERSION = YES;
				CLANG_WARN_OBJC_ROOT_CLASS = YES_ERROR;
				CLANG_WARN_QUOTED_INCLUDE_IN_FRAMEWORK_HEADER = YES;
				CLANG_WARN_RANGE_LOOP_ANALYSIS = YES;
				CLANG_WARN_STRICT_PROTOTYPES = YES;
				CLANG_WARN_SUSPICIOUS_MOVE = YES;
				CLANG_WARN_UNGUARDED_AVAILABILITY = YES_AGGRESSIVE;
				CLANG_WARN_UNREACHABLE_CODE = YES;
				CLANG_WARN__DUPLICATE_METHOD_MATCH = YES;
				COPY_PHASE_STRIP = NO;
				DEBUG_INFORMATION_FORMAT = "dwarf-with-dsym";
				ENABLE_NS_ASSERTIONS = NO;
				ENABLE_STRICT_OBJC_MSGSEND = YES;
				GCC_C_LANGUAGE_STANDARD = gnu11;
				GCC_NO_COMMON_BLOCKS = YES;
				GCC_WARN_64_TO_32_BIT_CONVERSION = YES;
				GCC_WARN_ABOUT_RETURN_TYPE = YES_ERROR;
				GCC_WARN_UNDECLARED_SELECTOR = YES;
				GCC_WARN_UNINITIALIZED_AUTOS = YES_AGGRESSIVE;
				GCC_WARN_UNUSED_FUNCTION = YES;
				GCC_WARN_UNUSED_VARIABLE = YES;
				IPHONEOS_DEPLOYMENT_TARGET = 15.2;
				MTL_ENABLE_DEBUG_INFO = NO;
				MTL_FAST_MATH = YES;
				SDKROOT = iphoneos;
				SWIFT_COMPILATION_MODE = wholemodule;
				SWIFT_OPTIMIZATION_LEVEL = "-O";
				VALIDATE_PRODUCT = YES;
			};
			name = Release;
		};
		5416C94127C89E3F00C4F070 /* Debug */ = {
			isa = XCBuildConfiguration;
			buildSettings = {
				ASSETCATALOG_COMPILER_APPICON_NAME = AppIcon;
				ASSETCATALOG_COMPILER_GLOBAL_ACCENT_COLOR_NAME = AccentColor;
				CODE_SIGN_STYLE = Automatic;
				CURRENT_PROJECT_VERSION = 1;
				DEVELOPMENT_ASSET_PATHS = "\"Birthdays/Preview Content\"";
				DEVELOPMENT_TEAM = YQQL363955;
				ENABLE_PREVIEWS = YES;
				GENERATE_INFOPLIST_FILE = YES;
				INFOPLIST_FILE = Birthdays/Info.plist;
				INFOPLIST_KEY_UIApplicationSceneManifest_Generation = YES;
				INFOPLIST_KEY_UIApplicationSupportsIndirectInputEvents = YES;
				INFOPLIST_KEY_UILaunchScreen_Generation = YES;
				INFOPLIST_KEY_UISupportedInterfaceOrientations_iPad = "UIInterfaceOrientationPortrait UIInterfaceOrientationPortraitUpsideDown UIInterfaceOrientationLandscapeLeft UIInterfaceOrientationLandscapeRight";
				INFOPLIST_KEY_UISupportedInterfaceOrientations_iPhone = "UIInterfaceOrientationPortrait UIInterfaceOrientationLandscapeLeft UIInterfaceOrientationLandscapeRight";
				IPHONEOS_DEPLOYMENT_TARGET = 15.2;
				LD_RUNPATH_SEARCH_PATHS = (
					"$(inherited)",
					"@executable_path/Frameworks",
				);
				MARKETING_VERSION = 1.0;
				PRODUCT_BUNDLE_IDENTIFIER = Piotr.Birthdays;
				PRODUCT_NAME = "$(TARGET_NAME)";
				SWIFT_EMIT_LOC_STRINGS = YES;
				SWIFT_VERSION = 5.0;
				TARGETED_DEVICE_FAMILY = "1,2";
			};
			name = Debug;
		};
		5416C94227C89E3F00C4F070 /* Release */ = {
			isa = XCBuildConfiguration;
			buildSettings = {
				ASSETCATALOG_COMPILER_APPICON_NAME = AppIcon;
				ASSETCATALOG_COMPILER_GLOBAL_ACCENT_COLOR_NAME = AccentColor;
				CODE_SIGN_STYLE = Automatic;
				CURRENT_PROJECT_VERSION = 1;
				DEVELOPMENT_ASSET_PATHS = "\"Birthdays/Preview Content\"";
				DEVELOPMENT_TEAM = YQQL363955;
				ENABLE_PREVIEWS = YES;
				GENERATE_INFOPLIST_FILE = YES;
				INFOPLIST_FILE = Birthdays/Info.plist;
				INFOPLIST_KEY_UIApplicationSceneManifest_Generation = YES;
				INFOPLIST_KEY_UIApplicationSupportsIndirectInputEvents = YES;
				INFOPLIST_KEY_UILaunchScreen_Generation = YES;
				INFOPLIST_KEY_UISupportedInterfaceOrientations_iPad = "UIInterfaceOrientationPortrait UIInterfaceOrientationPortraitUpsideDown UIInterfaceOrientationLandscapeLeft UIInterfaceOrientationLandscapeRight";
				INFOPLIST_KEY_UISupportedInterfaceOrientations_iPhone = "UIInterfaceOrientationPortrait UIInterfaceOrientationLandscapeLeft UIInterfaceOrientationLandscapeRight";
				IPHONEOS_DEPLOYMENT_TARGET = 15.2;
				LD_RUNPATH_SEARCH_PATHS = (
					"$(inherited)",
					"@executable_path/Frameworks",
				);
				MARKETING_VERSION = 1.0;
				PRODUCT_BUNDLE_IDENTIFIER = Piotr.Birthdays;
				PRODUCT_NAME = "$(TARGET_NAME)";
				SWIFT_EMIT_LOC_STRINGS = YES;
				SWIFT_VERSION = 5.0;
				TARGETED_DEVICE_FAMILY = "1,2";
			};
			name = Release;
		};
		5416C94427C89E3F00C4F070 /* Debug */ = {
			isa = XCBuildConfiguration;
			buildSettings = {
				ALWAYS_EMBED_SWIFT_STANDARD_LIBRARIES = YES;
				BUNDLE_LOADER = "$(TEST_HOST)";
				CODE_SIGN_STYLE = Automatic;
				CURRENT_PROJECT_VERSION = 1;
				DEVELOPMENT_TEAM = YQQL363955;
				GENERATE_INFOPLIST_FILE = YES;
				IPHONEOS_DEPLOYMENT_TARGET = 15.2;
				MARKETING_VERSION = 1.0;
				PRODUCT_BUNDLE_IDENTIFIER = Piotr.BirthdaysTests;
				PRODUCT_NAME = "$(TARGET_NAME)";
				SWIFT_EMIT_LOC_STRINGS = NO;
				SWIFT_VERSION = 5.0;
				TARGETED_DEVICE_FAMILY = "1,2";
				TEST_HOST = "$(BUILT_PRODUCTS_DIR)/Birthdays.app/Birthdays";
			};
			name = Debug;
		};
		5416C94527C89E3F00C4F070 /* Release */ = {
			isa = XCBuildConfiguration;
			buildSettings = {
				ALWAYS_EMBED_SWIFT_STANDARD_LIBRARIES = YES;
				BUNDLE_LOADER = "$(TEST_HOST)";
				CODE_SIGN_STYLE = Automatic;
				CURRENT_PROJECT_VERSION = 1;
				DEVELOPMENT_TEAM = YQQL363955;
				GENERATE_INFOPLIST_FILE = YES;
				IPHONEOS_DEPLOYMENT_TARGET = 15.2;
				MARKETING_VERSION = 1.0;
				PRODUCT_BUNDLE_IDENTIFIER = Piotr.BirthdaysTests;
				PRODUCT_NAME = "$(TARGET_NAME)";
				SWIFT_EMIT_LOC_STRINGS = NO;
				SWIFT_VERSION = 5.0;
				TARGETED_DEVICE_FAMILY = "1,2";
				TEST_HOST = "$(BUILT_PRODUCTS_DIR)/Birthdays.app/Birthdays";
			};
			name = Release;
		};
		5416C94727C89E3F00C4F070 /* Debug */ = {
			isa = XCBuildConfiguration;
			buildSettings = {
				ALWAYS_EMBED_SWIFT_STANDARD_LIBRARIES = YES;
				CODE_SIGN_STYLE = Automatic;
				CURRENT_PROJECT_VERSION = 1;
				DEVELOPMENT_TEAM = YQQL363955;
				GENERATE_INFOPLIST_FILE = YES;
				MARKETING_VERSION = 1.0;
				PRODUCT_BUNDLE_IDENTIFIER = Piotr.BirthdaysUITests;
				PRODUCT_NAME = "$(TARGET_NAME)";
				SWIFT_EMIT_LOC_STRINGS = NO;
				SWIFT_VERSION = 5.0;
				TARGETED_DEVICE_FAMILY = "1,2";
				TEST_TARGET_NAME = Birthdays;
			};
			name = Debug;
		};
		5416C94827C89E3F00C4F070 /* Release */ = {
			isa = XCBuildConfiguration;
			buildSettings = {
				ALWAYS_EMBED_SWIFT_STANDARD_LIBRARIES = YES;
				CODE_SIGN_STYLE = Automatic;
				CURRENT_PROJECT_VERSION = 1;
				DEVELOPMENT_TEAM = YQQL363955;
				GENERATE_INFOPLIST_FILE = YES;
				MARKETING_VERSION = 1.0;
				PRODUCT_BUNDLE_IDENTIFIER = Piotr.BirthdaysUITests;
				PRODUCT_NAME = "$(TARGET_NAME)";
				SWIFT_EMIT_LOC_STRINGS = NO;
				SWIFT_VERSION = 5.0;
				TARGETED_DEVICE_FAMILY = "1,2";
				TEST_TARGET_NAME = Birthdays;
			};
			name = Release;
		};
/* End XCBuildConfiguration section */

/* Begin XCConfigurationList section */
		5416C91727C89E3D00C4F070 /* Build configuration list for PBXProject "Birthdays" */ = {
			isa = XCConfigurationList;
			buildConfigurations = (
				5416C93E27C89E3F00C4F070 /* Debug */,
				5416C93F27C89E3F00C4F070 /* Release */,
			);
			defaultConfigurationIsVisible = 0;
			defaultConfigurationName = Release;
		};
		5416C94027C89E3F00C4F070 /* Build configuration list for PBXNativeTarget "Birthdays" */ = {
			isa = XCConfigurationList;
			buildConfigurations = (
				5416C94127C89E3F00C4F070 /* Debug */,
				5416C94227C89E3F00C4F070 /* Release */,
			);
			defaultConfigurationIsVisible = 0;
			defaultConfigurationName = Release;
		};
		5416C94327C89E3F00C4F070 /* Build configuration list for PBXNativeTarget "BirthdaysTests" */ = {
			isa = XCConfigurationList;
			buildConfigurations = (
				5416C94427C89E3F00C4F070 /* Debug */,
				5416C94527C89E3F00C4F070 /* Release */,
			);
			defaultConfigurationIsVisible = 0;
			defaultConfigurationName = Release;
		};
		5416C94627C89E3F00C4F070 /* Build configuration list for PBXNativeTarget "BirthdaysUITests" */ = {
			isa = XCConfigurationList;
			buildConfigurations = (
				5416C94727C89E3F00C4F070 /* Debug */,
				5416C94827C89E3F00C4F070 /* Release */,
			);
			defaultConfigurationIsVisible = 0;
			defaultConfigurationName = Release;
		};
/* End XCConfigurationList section */
	};
	rootObject = 5416C91427C89E3D00C4F070 /* Project object */;
}
